// !$*UTF8*$!
{
	archiveVersion = 1;
	classes = {
	};
	objectVersion = 48;
	objects = {

/* Begin PBXBuildFile section */
		F6591BE61F7A81880002F930 /* AppDelegate.swift in Sources */ = {isa = PBXBuildFile; fileRef = F6591BE51F7A81880002F930 /* AppDelegate.swift */; };
		F6591BE81F7A81880002F930 /* ViewController.swift in Sources */ = {isa = PBXBuildFile; fileRef = F6591BE71F7A81880002F930 /* ViewController.swift */; };
		F6591BEB1F7A81880002F930 /* Main.storyboard in Resources */ = {isa = PBXBuildFile; fileRef = F6591BE91F7A81880002F930 /* Main.storyboard */; };
		F6591BED1F7A81880002F930 /* Assets.xcassets in Resources */ = {isa = PBXBuildFile; fileRef = F6591BEC1F7A81880002F930 /* Assets.xcassets */; };
		F6591BF01F7A81880002F930 /* LaunchScreen.storyboard in Resources */ = {isa = PBXBuildFile; fileRef = F6591BEE1F7A81880002F930 /* LaunchScreen.storyboard */; };
		F684B5191F87C10700099FFF /* TipJar.framework in Embed Frameworks */ = {isa = PBXBuildFile; fileRef = F6E4E5051F7A82A6000722AC /* TipJar.framework */; settings = {ATTRIBUTES = (CodeSignOnCopy, RemoveHeadersOnCopy, ); }; };
		F6E4E5061F7A8618000722AC /* TipJar.framework in Frameworks */ = {isa = PBXBuildFile; fileRef = F6E4E5071F7A8618000722AC /* TipJar.framework */; };
/* End PBXBuildFile section */

/* Begin PBXCopyFilesBuildPhase section */
		F684B51A1F87C10700099FFF /* Embed Frameworks */ = {
			isa = PBXCopyFilesBuildPhase;
			buildActionMask = 2147483647;
			dstPath = "";
			dstSubfolderSpec = 10;
			files = (
				F684B5191F87C10700099FFF /* TipJar.framework in Embed Frameworks */,
			);
			name = "Embed Frameworks";
			runOnlyForDeploymentPostprocessing = 0;
		};
/* End PBXCopyFilesBuildPhase section */

/* Begin PBXFileReference section */
		F6591BE21F7A81880002F930 /* TipJarDemo.app */ = {isa = PBXFileReference; explicitFileType = wrapper.application; includeInIndex = 0; path = TipJarDemo.app; sourceTree = BUILT_PRODUCTS_DIR; };
		F6591BE51F7A81880002F930 /* AppDelegate.swift */ = {isa = PBXFileReference; lastKnownFileType = sourcecode.swift; path = AppDelegate.swift; sourceTree = "<group>"; };
		F6591BE71F7A81880002F930 /* ViewController.swift */ = {isa = PBXFileReference; lastKnownFileType = sourcecode.swift; path = ViewController.swift; sourceTree = "<group>"; };
		F6591BEA1F7A81880002F930 /* Base */ = {isa = PBXFileReference; lastKnownFileType = file.storyboard; name = Base; path = Base.lproj/Main.storyboard; sourceTree = "<group>"; };
		F6591BEC1F7A81880002F930 /* Assets.xcassets */ = {isa = PBXFileReference; lastKnownFileType = folder.assetcatalog; path = Assets.xcassets; sourceTree = "<group>"; };
		F6591BEF1F7A81880002F930 /* Base */ = {isa = PBXFileReference; lastKnownFileType = file.storyboard; name = Base; path = Base.lproj/LaunchScreen.storyboard; sourceTree = "<group>"; };
		F6591BF11F7A81880002F930 /* Info.plist */ = {isa = PBXFileReference; lastKnownFileType = text.plist.xml; path = Info.plist; sourceTree = "<group>"; };
		F6E4E5051F7A82A6000722AC /* TipJar.framework */ = {isa = PBXFileReference; explicitFileType = wrapper.framework; path = TipJar.framework; sourceTree = BUILT_PRODUCTS_DIR; };
		F6E4E5071F7A8618000722AC /* TipJar.framework */ = {isa = PBXFileReference; explicitFileType = wrapper.framework; path = TipJar.framework; sourceTree = BUILT_PRODUCTS_DIR; };
		F6F23AC21FBDAA0D00C46EC8 /* TipJarDemo.entitlements */ = {isa = PBXFileReference; lastKnownFileType = text.plist.entitlements; path = TipJarDemo.entitlements; sourceTree = "<group>"; };
/* End PBXFileReference section */

/* Begin PBXFrameworksBuildPhase section */
		F6591BDF1F7A81880002F930 /* Frameworks */ = {
			isa = PBXFrameworksBuildPhase;
			buildActionMask = 2147483647;
			files = (
				F6E4E5061F7A8618000722AC /* TipJar.framework in Frameworks */,
			);
			runOnlyForDeploymentPostprocessing = 0;
		};
/* End PBXFrameworksBuildPhase section */

/* Begin PBXGroup section */
		F6591BD91F7A81880002F930 = {
			isa = PBXGroup;
			children = (
				F6591BE41F7A81880002F930 /* TipJarDemo */,
				F6591BE31F7A81880002F930 /* Products */,
				F6E4E5031F7A82A6000722AC /* Frameworks */,
			);
			sourceTree = "<group>";
		};
		F6591BE31F7A81880002F930 /* Products */ = {
			isa = PBXGroup;
			children = (
				F6591BE21F7A81880002F930 /* TipJarDemo.app */,
			);
			name = Products;
			sourceTree = "<group>";
		};
		F6591BE41F7A81880002F930 /* TipJarDemo */ = {
			isa = PBXGroup;
			children = (
				F6F23AC21FBDAA0D00C46EC8 /* TipJarDemo.entitlements */,
				F6591BE51F7A81880002F930 /* AppDelegate.swift */,
				F6591BE71F7A81880002F930 /* ViewController.swift */,
				F6591BE91F7A81880002F930 /* Main.storyboard */,
				F6591BEC1F7A81880002F930 /* Assets.xcassets */,
				F6591BEE1F7A81880002F930 /* LaunchScreen.storyboard */,
				F6591BF11F7A81880002F930 /* Info.plist */,
			);
			path = TipJarDemo;
			sourceTree = "<group>";
		};
		F6E4E5031F7A82A6000722AC /* Frameworks */ = {
			isa = PBXGroup;
			children = (
				F6E4E5071F7A8618000722AC /* TipJar.framework */,
				F6E4E5051F7A82A6000722AC /* TipJar.framework */,
			);
			name = Frameworks;
			sourceTree = "<group>";
		};
/* End PBXGroup section */

/* Begin PBXNativeTarget section */
		F6591BE11F7A81880002F930 /* TipJarDemo */ = {
			isa = PBXNativeTarget;
			buildConfigurationList = F6591BF41F7A81880002F930 /* Build configuration list for PBXNativeTarget "TipJarDemo" */;
			buildPhases = (
				F6591BDE1F7A81880002F930 /* Sources */,
				F6591BDF1F7A81880002F930 /* Frameworks */,
				F6591BE01F7A81880002F930 /* Resources */,
				F684B51A1F87C10700099FFF /* Embed Frameworks */,
			);
			buildRules = (
			);
			dependencies = (
			);
			name = TipJarDemo;
			productName = TipJarDemo;
			productReference = F6591BE21F7A81880002F930 /* TipJarDemo.app */;
			productType = "com.apple.product-type.application";
		};
/* End PBXNativeTarget section */

/* Begin PBXProject section */
		F6591BDA1F7A81880002F930 /* Project object */ = {
			isa = PBXProject;
			attributes = {
				LastSwiftUpdateCheck = 0900;
				LastUpgradeCheck = 0900;
				ORGANIZATIONNAME = "Lewis Makes Apps";
				TargetAttributes = {
					F6591BE11F7A81880002F930 = {
						CreatedOnToolsVersion = 9.0;
						ProvisioningStyle = Automatic;
						SystemCapabilities = {
							com.apple.iCloud = {
								enabled = 1;
							};
						};
					};
				};
			};
			buildConfigurationList = F6591BDD1F7A81880002F930 /* Build configuration list for PBXProject "TipJarDemo" */;
			compatibilityVersion = "Xcode 8.0";
			developmentRegion = en;
			hasScannedForEncodings = 0;
			knownRegions = (
				en,
				Base,
			);
			mainGroup = F6591BD91F7A81880002F930;
			productRefGroup = F6591BE31F7A81880002F930 /* Products */;
			projectDirPath = "";
			projectRoot = "";
			targets = (
				F6591BE11F7A81880002F930 /* TipJarDemo */,
			);
		};
/* End PBXProject section */

/* Begin PBXResourcesBuildPhase section */
		F6591BE01F7A81880002F930 /* Resources */ = {
			isa = PBXResourcesBuildPhase;
			buildActionMask = 2147483647;
			files = (
				F6591BF01F7A81880002F930 /* LaunchScreen.storyboard in Resources */,
				F6591BED1F7A81880002F930 /* Assets.xcassets in Resources */,
				F6591BEB1F7A81880002F930 /* Main.storyboard in Resources */,
			);
			runOnlyForDeploymentPostprocessing = 0;
		};
/* End PBXResourcesBuildPhase section */

/* Begin PBXSourcesBuildPhase section */
		F6591BDE1F7A81880002F930 /* Sources */ = {
			isa = PBXSourcesBuildPhase;
			buildActionMask = 2147483647;
			files = (
				F6591BE81F7A81880002F930 /* ViewController.swift in Sources */,
				F6591BE61F7A81880002F930 /* AppDelegate.swift in Sources */,
			);
			runOnlyForDeploymentPostprocessing = 0;
		};
/* End PBXSourcesBuildPhase section */

/* Begin PBXVariantGroup section */
		F6591BE91F7A81880002F930 /* Main.storyboard */ = {
			isa = PBXVariantGroup;
			children = (
				F6591BEA1F7A81880002F930 /* Base */,
			);
			name = Main.storyboard;
			sourceTree = "<group>";
		};
		F6591BEE1F7A81880002F930 /* LaunchScreen.storyboard */ = {
			isa = PBXVariantGroup;
			children = (
				F6591BEF1F7A81880002F930 /* Base */,
			);
			name = LaunchScreen.storyboard;
			sourceTree = "<group>";
		};
/* End PBXVariantGroup section */

/* Begin XCBuildConfiguration section */
		F6591BF21F7A81880002F930 /* Debug */ = {
			isa = XCBuildConfiguration;
			buildSettings = {
				ALWAYS_SEARCH_USER_PATHS = NO;
				CLANG_ANALYZER_NONNULL = YES;
				CLANG_ANALYZER_NUMBER_OBJECT_CONVERSION = YES_AGGRESSIVE;
				CLANG_CXX_LANGUAGE_STANDARD = "gnu++14";
				CLANG_CXX_LIBRARY = "libc++";
				CLANG_ENABLE_MODULES = YES;
				CLANG_ENABLE_OBJC_ARC = YES;
				CLANG_WARN_BLOCK_CAPTURE_AUTORELEASING = YES;
				CLANG_WARN_BOOL_CONVERSION = YES;
				CLANG_WARN_COMMA = YES;
				CLANG_WARN_CONSTANT_CONVERSION = YES;
				CLANG_WARN_DIRECT_OBJC_ISA_USAGE = YES_ERROR;
				CLANG_WARN_DOCUMENTATION_COMMENTS = YES;
				CLANG_WARN_EMPTY_BODY = YES;
				CLANG_WARN_ENUM_CONVERSION = YES;
				CLANG_WARN_INFINITE_RECURSION = YES;
				CLANG_WARN_INT_CONVERSION = YES;
				CLANG_WARN_NON_LITERAL_NULL_CONVERSION = YES;
				CLANG_WARN_OBJC_LITERAL_CONVERSION = YES;
				CLANG_WARN_OBJC_ROOT_CLASS = YES_ERROR;
				CLANG_WARN_RANGE_LOOP_ANALYSIS = YES;
				CLANG_WARN_STRICT_PROTOTYPES = YES;
				CLANG_WARN_SUSPICIOUS_MOVE = YES;
				CLANG_WARN_UNGUARDED_AVAILABILITY = YES_AGGRESSIVE;
				CLANG_WARN_UNREACHABLE_CODE = YES;
				CLANG_WARN__DUPLICATE_METHOD_MATCH = YES;
				CODE_SIGN_IDENTITY = "iPhone Developer";
				COPY_PHASE_STRIP = NO;
				DEBUG_INFORMATION_FORMAT = dwarf;
				ENABLE_STRICT_OBJC_MSGSEND = YES;
				ENABLE_TESTABILITY = YES;
				GCC_C_LANGUAGE_STANDARD = gnu11;
				GCC_DYNAMIC_NO_PIC = NO;
				GCC_NO_COMMON_BLOCKS = YES;
				GCC_OPTIMIZATION_LEVEL = 0;
				GCC_PREPROCESSOR_DEFINITIONS = (
					"DEBUG=1",
					"$(inherited)",
				);
				GCC_WARN_64_TO_32_BIT_CONVERSION = YES;
				GCC_WARN_ABOUT_RETURN_TYPE = YES_ERROR;
				GCC_WARN_UNDECLARED_SELECTOR = YES;
				GCC_WARN_UNINITIALIZED_AUTOS = YES_AGGRESSIVE;
				GCC_WARN_UNUSED_FUNCTION = YES;
				GCC_WARN_UNUSED_VARIABLE = YES;
				IPHONEOS_DEPLOYMENT_TARGET = 11.0;
				MTL_ENABLE_DEBUG_INFO = YES;
				ONLY_ACTIVE_ARCH = YES;
				SDKROOT = iphoneos;
				SWIFT_ACTIVE_COMPILATION_CONDITIONS = DEBUG;
				SWIFT_OPTIMIZATION_LEVEL = "-Onone";
			};
			name = Debug;
		};
		F6591BF31F7A81880002F930 /* Release */ = {
			isa = XCBuildConfiguration;
			buildSettings = {
				ALWAYS_SEARCH_USER_PATHS = NO;
				CLANG_ANALYZER_NONNULL = YES;
				CLANG_ANALYZER_NUMBER_OBJECT_CONVERSION = YES_AGGRESSIVE;
				CLANG_CXX_LANGUAGE_STANDARD = "gnu++14";
				CLANG_CXX_LIBRARY = "libc++";
				CLANG_ENABLE_MODULES = YES;
				CLANG_ENABLE_OBJC_ARC = YES;
				CLANG_WARN_BLOCK_CAPTURE_AUTORELEASING = YES;
				CLANG_WARN_BOOL_CONVERSION = YES;
				CLANG_WARN_COMMA = YES;
				CLANG_WARN_CONSTANT_CONVERSION = YES;
				CLANG_WARN_DIRECT_OBJC_ISA_USAGE = YES_ERROR;
				CLANG_WARN_DOCUMENTATION_COMMENTS = YES;
				CLANG_WARN_EMPTY_BODY = YES;
				CLANG_WARN_ENUM_CONVERSION = YES;
				CLANG_WARN_INFINITE_RECURSION = YES;
				CLANG_WARN_INT_CONVERSION = YES;
				CLANG_WARN_NON_LITERAL_NULL_CONVERSION = YES;
				CLANG_WARN_OBJC_LITERAL_CONVERSION = YES;
				CLANG_WARN_OBJC_ROOT_CLASS = YES_ERROR;
				CLANG_WARN_RANGE_LOOP_ANALYSIS = YES;
				CLANG_WARN_STRICT_PROTOTYPES = YES;
				CLANG_WARN_SUSPICIOUS_MOVE = YES;
				CLANG_WARN_UNGUARDED_AVAILABILITY = YES_AGGRESSIVE;
				CLANG_WARN_UNREACHABLE_CODE = YES;
				CLANG_WARN__DUPLICATE_METHOD_MATCH = YES;
				CODE_SIGN_IDENTITY = "iPhone Developer";
				COPY_PHASE_STRIP = NO;
				DEBUG_INFORMATION_FORMAT = "dwarf-with-dsym";
				ENABLE_NS_ASSERTIONS = NO;
				ENABLE_STRICT_OBJC_MSGSEND = YES;
				GCC_C_LANGUAGE_STANDARD = gnu11;
				GCC_NO_COMMON_BLOCKS = YES;
				GCC_WARN_64_TO_32_BIT_CONVERSION = YES;
				GCC_WARN_ABOUT_RETURN_TYPE = YES_ERROR;
				GCC_WARN_UNDECLARED_SELECTOR = YES;
				GCC_WARN_UNINITIALIZED_AUTOS = YES_AGGRESSIVE;
				GCC_WARN_UNUSED_FUNCTION = YES;
				GCC_WARN_UNUSED_VARIABLE = YES;
				IPHONEOS_DEPLOYMENT_TARGET = 11.0;
				MTL_ENABLE_DEBUG_INFO = NO;
				SDKROOT = iphoneos;
				SWIFT_OPTIMIZATION_LEVEL = "-Owholemodule";
				VALIDATE_PRODUCT = YES;
			};
			name = Release;
		};
		F6591BF51F7A81880002F930 /* Debug */ = {
			isa = XCBuildConfiguration;
			buildSettings = {
				ASSETCATALOG_COMPILER_APPICON_NAME = AppIcon;
				CODE_SIGN_ENTITLEMENTS = TipJarDemo/TipJarDemo.entitlements;
				CODE_SIGN_STYLE = Automatic;
				DEVELOPMENT_TEAM = C6QCX9NZVG;
				INFOPLIST_FILE = TipJarDemo/Info.plist;
				LD_RUNPATH_SEARCH_PATHS = "$(inherited) @executable_path/Frameworks";
				PRODUCT_BUNDLE_IDENTIFIER = "com.lasmit.World-Time";
				PRODUCT_NAME = "$(TARGET_NAME)";
				SWIFT_VERSION = 4.0;
				TARGETED_DEVICE_FAMILY = "1,2";
			};
			name = Debug;
		};
		F6591BF61F7A81880002F930 /* Release */ = {
			isa = XCBuildConfiguration;
			buildSettings = {
				ASSETCATALOG_COMPILER_APPICON_NAME = AppIcon;
				CODE_SIGN_ENTITLEMENTS = TipJarDemo/TipJarDemo.entitlements;
				CODE_SIGN_STYLE = Automatic;
				DEVELOPMENT_TEAM = C6QCX9NZVG;
				INFOPLIST_FILE = TipJarDemo/Info.plist;
				LD_RUNPATH_SEARCH_PATHS = "$(inherited) @executable_path/Frameworks";
				PRODUCT_BUNDLE_IDENTIFIER = "com.lasmit.World-Time";
				PRODUCT_NAME = "$(TARGET_NAME)";
				SWIFT_VERSION = 4.0;
				TARGETED_DEVICE_FAMILY = "1,2";
			};
			name = Release;
		};
/* End XCBuildConfiguration section */

/* Begin XCConfigurationList section */
		F6591BDD1F7A81880002F930 /* Build configuration list for PBXProject "TipJarDemo" */ = {
			isa = XCConfigurationList;
			buildConfigurations = (
				F6591BF21F7A81880002F930 /* Debug */,
				F6591BF31F7A81880002F930 /* Release */,
			);
			defaultConfigurationIsVisible = 0;
			defaultConfigurationName = Release;
		};
		F6591BF41F7A81880002F930 /* Build configuration list for PBXNativeTarget "TipJarDemo" */ = {
			isa = XCConfigurationList;
			buildConfigurations = (
				F6591BF51F7A81880002F930 /* Debug */,
				F6591BF61F7A81880002F930 /* Release */,
			);
			defaultConfigurationIsVisible = 0;
			defaultConfigurationName = Release;
		};
/* End XCConfigurationList section */
	};
	rootObject = F6591BDA1F7A81880002F930 /* Project object */;
}
